github.com/hslam/mmap v1.0.0 h1:GSp55lZrPDhctob3yE0SqESBjzgCn9cP4iu4Pmmm+gE=
github.com/hslam/mmap v1.0.0/go.mod h1:mtuj54WoaupC65QteY9RubXVPkQT86Q/Xj0WPzRefFw=
github.com/hslam/sendfile v1.0.0 h1:kAOsxqvTyHseaUC7smR6uqpKQFFkuizhEtVITuluxn0=
github.com/hslam/sendfile v1.0.0/go.mod h1:IVInXNh7ccvv6fdFkcC3gRGCH7E+fRsTlyBnftCAk5A=
github.com/hslam/splice v1.0.0 h1:B8cGoO5ivgOIxIcKVtKURUKuK1YIBBWr0OVkPxZiSl8=
github.com/hslam/splice v1.0.0/go.mod h1:7D1QlFptoG0ruXzcAwpzckKxUN4+ZpvrIhwfbcAQcx8=
